
Microsoft Visual Studio Solution File, Format Version 12.00
# Visual Studio Version 18
VisualStudioVersion = 18.2.11408.102
MinimumVisualStudioVersion = 10.0.40219.1
Project("{FAE04EC0-301F-11D3-BF4B-00C04F79EFBC}") = "OMG_Krasniqi_Olti", "OMG_Krasniqi_Olti\OMG_Krasniqi_Olti.csproj", "{550A6D50-4097-4171-93F3-6DEF17F0BD33}"
EndProject
Project("{FAE04EC0-301F-11D3-BF4B-00C04F79EFBC}") = "GgtTests", "GgtTests\GgtTests.csproj", "{A2B878D5-69C9-48B3-9C63-B61D01A66397}"
EndProject
Project("{2150E333-8FDC-42A3-9474-1A3956D46DE8}") = "Projektmappenelemente", "Projektmappenelemente", "{102FB2CD-540C-40F1-BF80-7FABF8E49E7A}"
	ProjectSection(SolutionItems) = preProject
		OMG_Klassendiagramm_Olti.uxf = OMG_Klassendiagramm_Olti.uxf
	EndProjectSection
EndProject
Global
	GlobalSection(SolutionConfigurationPlatforms) = preSolution
		Debug|Any CPU = Debug|Any CPU
		Release|Any CPU = Release|Any CPU
	EndGlobalSection
	GlobalSection(ProjectConfigurationPlatforms) = postSolution
		{550A6D50-4097-4171-93F3-6DEF17F0BD33}.Debug|Any CPU.ActiveCfg = Debug|Any CPU
		{550A6D50-4097-4171-93F3-6DEF17F0BD33}.Debug|Any CPU.Build.0 = Debug|Any CPU
		{550A6D50-4097-4171-93F3-6DEF17F0BD33}.Release|Any CPU.ActiveCfg = Release|Any CPU
		{550A6D50-4097-4171-93F3-6DEF17F0BD33}.Release|Any CPU.Build.0 = Release|Any CPU
		{A2B878D5-69C9-48B3-9C63-B61D01A66397}.Debug|Any CPU.ActiveCfg = Debug|Any CPU
		{A2B878D5-69C9-48B3-9C63-B61D01A66397}.Debug|Any CPU.Build.0 = Debug|Any CPU
		{A2B878D5-69C9-48B3-9C63-B61D01A66397}.Release|Any CPU.ActiveCfg = Release|Any CPU
		{A2B878D5-69C9-48B3-9C63-B61D01A66397}.Release|Any CPU.Build.0 = Release|Any CPU
	EndGlobalSection
	GlobalSection(SolutionProperties) = preSolution
		HideSolutionNode = FALSE
	EndGlobalSection
	GlobalSection(ExtensibilityGlobals) = postSolution
		SolutionGuid = {08A154B4-A2D5-4209-BF47-014309D6A23B}
	EndGlobalSection
EndGlobal
